// !$*UTF8*$!
{
	archiveVersion = 1;
	classes = {
	};
	objectVersion = 46;
	objects = {

/* Begin PBXBuildFile section */
		C675625E1D4E56ED008C0F1D /* AppDelegate.swift in Sources */ = {isa = PBXBuildFile; fileRef = C675625D1D4E56ED008C0F1D /* AppDelegate.swift */; };
		C67562601D4E56ED008C0F1D /* ViewController.swift in Sources */ = {isa = PBXBuildFile; fileRef = C675625F1D4E56ED008C0F1D /* ViewController.swift */; };
		C67562631D4E56ED008C0F1D /* Main.storyboard in Resources */ = {isa = PBXBuildFile; fileRef = C67562611D4E56ED008C0F1D /* Main.storyboard */; };
		C67562651D4E56ED008C0F1D /* Assets.xcassets in Resources */ = {isa = PBXBuildFile; fileRef = C67562641D4E56ED008C0F1D /* Assets.xcassets */; };
		C67562681D4E56ED008C0F1D /* LaunchScreen.storyboard in Resources */ = {isa = PBXBuildFile; fileRef = C67562661D4E56ED008C0F1D /* LaunchScreen.storyboard */; };
		C67562721D4E5981008C0F1D /* pokemon.csv in Resources */ = {isa = PBXBuildFile; fileRef = C67562711D4E5981008C0F1D /* pokemon.csv */; };
/* End PBXBuildFile section */

/* Begin PBXFileReference section */
		C675625A1D4E56ED008C0F1D /* Pokedex.app */ = {isa = PBXFileReference; explicitFileType = wrapper.application; includeInIndex = 0; path = Pokedex.app; sourceTree = BUILT_PRODUCTS_DIR; };
		C675625D1D4E56ED008C0F1D /* AppDelegate.swift */ = {isa = PBXFileReference; lastKnownFileType = sourcecode.swift; path = AppDelegate.swift; sourceTree = "<group>"; };
		C675625F1D4E56ED008C0F1D /* ViewController.swift */ = {isa = PBXFileReference; lastKnownFileType = sourcecode.swift; path = ViewController.swift; sourceTree = "<group>"; };
		C67562621D4E56ED008C0F1D /* Base */ = {isa = PBXFileReference; lastKnownFileType = file.storyboard; name = Base; path = Base.lproj/Main.storyboard; sourceTree = "<group>"; };
		C67562641D4E56ED008C0F1D /* Assets.xcassets */ = {isa = PBXFileReference; lastKnownFileType = folder.assetcatalog; path = Assets.xcassets; sourceTree = "<group>"; };
		C67562671D4E56ED008C0F1D /* Base */ = {isa = PBXFileReference; lastKnownFileType = file.storyboard; name = Base; path = Base.lproj/LaunchScreen.storyboard; sourceTree = "<group>"; };
		C67562691D4E56ED008C0F1D /* Info.plist */ = {isa = PBXFileReference; lastKnownFileType = text.plist.xml; path = Info.plist; sourceTree = "<group>"; };
		C67562711D4E5981008C0F1D /* pokemon.csv */ = {isa = PBXFileReference; fileEncoding = 4; lastKnownFileType = text; path = pokemon.csv; sourceTree = "<group>"; };
/* End PBXFileReference section */

/* Begin PBXFrameworksBuildPhase section */
		C67562571D4E56ED008C0F1D /* Frameworks */ = {
			isa = PBXFrameworksBuildPhase;
			buildActionMask = 2147483647;
			files = (
			);
			runOnlyForDeploymentPostprocessing = 0;
		};
/* End PBXFrameworksBuildPhase section */

/* Begin PBXGroup section */
		C67562511D4E56ED008C0F1D = {
			isa = PBXGroup;
			children = (
				C675625C1D4E56ED008C0F1D /* Pokedex */,
				C675625B1D4E56ED008C0F1D /* Products */,
			);
			sourceTree = "<group>";
		};
		C675625B1D4E56ED008C0F1D /* Products */ = {
			isa = PBXGroup;
			children = (
				C675625A1D4E56ED008C0F1D /* Pokedex.app */,
			);
			name = Products;
			sourceTree = "<group>";
		};
		C675625C1D4E56ED008C0F1D /* Pokedex */ = {
			isa = PBXGroup;
			children = (
				C675625D1D4E56ED008C0F1D /* AppDelegate.swift */,
				C675625F1D4E56ED008C0F1D /* ViewController.swift */,
				C67562711D4E5981008C0F1D /* pokemon.csv */,
				C67562611D4E56ED008C0F1D /* Main.storyboard */,
				C67562641D4E56ED008C0F1D /* Assets.xcassets */,
				C67562661D4E56ED008C0F1D /* LaunchScreen.storyboard */,
				C67562691D4E56ED008C0F1D /* Info.plist */,
			);
			path = Pokedex;
			sourceTree = "<group>";
		};
/* End PBXGroup section */

/* Begin PBXNativeTarget section */
		C67562591D4E56ED008C0F1D /* Pokedex */ = {
			isa = PBXNativeTarget;
			buildConfigurationList = C675626C1D4E56ED008C0F1D /* Build configuration list for PBXNativeTarget "Pokedex" */;
			buildPhases = (
				C67562561D4E56ED008C0F1D /* Sources */,
				C67562571D4E56ED008C0F1D /* Frameworks */,
				C67562581D4E56ED008C0F1D /* Resources */,
			);
			buildRules = (
			);
			dependencies = (
			);
			name = Pokedex;
			productName = Pokedex;
			productReference = C675625A1D4E56ED008C0F1D /* Pokedex.app */;
			productType = "com.apple.product-type.application";
		};
/* End PBXNativeTarget section */

/* Begin PBXProject section */
		C67562521D4E56ED008C0F1D /* Project object */ = {
			isa = PBXProject;
			attributes = {
				LastSwiftUpdateCheck = 0730;
				LastUpgradeCheck = 0730;
				ORGANIZATIONNAME = "Anthony Ho";
				TargetAttributes = {
					C67562591D4E56ED008C0F1D = {
						CreatedOnToolsVersion = 7.3.1;
					};
				};
			};
			buildConfigurationList = C67562551D4E56ED008C0F1D /* Build configuration list for PBXProject "Pokedex" */;
			compatibilityVersion = "Xcode 3.2";
			developmentRegion = English;
			hasScannedForEncodings = 0;
			knownRegions = (
				en,
				Base,
			);
			mainGroup = C67562511D4E56ED008C0F1D;
			productRefGroup = C675625B1D4E56ED008C0F1D /* Products */;
			projectDirPath = "";
			projectRoot = "";
			targets = (
				C67562591D4E56ED008C0F1D /* Pokedex */,
			);
		};
/* End PBXProject section */

/* Begin PBXResourcesBuildPhase section */
		C67562581D4E56ED008C0F1D /* Resources */ = {
			isa = PBXResourcesBuildPhase;
			buildActionMask = 2147483647;
			files = (
				C67562681D4E56ED008C0F1D /* LaunchScreen.storyboard in Resources */,
				C67562651D4E56ED008C0F1D /* Assets.xcassets in Resources */,
				C67562721D4E5981008C0F1D /* pokemon.csv in Resources */,
				C67562631D4E56ED008C0F1D /* Main.storyboard in Resources */,
			);
			runOnlyForDeploymentPostprocessing = 0;
		};
/* End PBXResourcesBuildPhase section */

/* Begin PBXSourcesBuildPhase section */
		C67562561D4E56ED008C0F1D /* Sources */ = {
			isa = PBXSourcesBuildPhase;
			buildActionMask = 2147483647;
			files = (
				C67562601D4E56ED008C0F1D /* ViewController.swift in Sources */,
				C675625E1D4E56ED008C0F1D /* AppDelegate.swift in Sources */,
			);
			runOnlyForDeploymentPostprocessing = 0;
		};
/* End PBXSourcesBuildPhase section */

/* Begin PBXVariantGroup section */
		C67562611D4E56ED008C0F1D /* Main.storyboard */ = {
			isa = PBXVariantGroup;
			children = (
				C67562621D4E56ED008C0F1D /* Base */,
			);
			name = Main.storyboard;
			sourceTree = "<group>";
		};
		C67562661D4E56ED008C0F1D /* LaunchScreen.storyboard */ = {
			isa = PBXVariantGroup;
			children = (
				C67562671D4E56ED008C0F1D /* Base */,
			);
			name = LaunchScreen.storyboard;
			sourceTree = "<group>";
		};
/* End PBXVariantGroup section */

/* Begin XCBuildConfiguration section */
		C675626A1D4E56ED008C0F1D /* Debug */ = {
			isa = XCBuildConfiguration;
			buildSettings = {
				ALWAYS_SEARCH_USER_PATHS = NO;
				CLANG_ANALYZER_NONNULL = YES;
				CLANG_CXX_LANGUAGE_STANDARD = "gnu++0x";
				CLANG_CXX_LIBRARY = "libc++";
				CLANG_ENABLE_MODULES = YES;
				CLANG_ENABLE_OBJC_ARC = YES;
				CLANG_WARN_BOOL_CONVERSION = YES;
				CLANG_WARN_CONSTANT_CONVERSION = YES;
				CLANG_WARN_DIRECT_OBJC_ISA_USAGE = YES_ERROR;
				CLANG_WARN_EMPTY_BODY = YES;
				CLANG_WARN_ENUM_CONVERSION = YES;
				CLANG_WARN_INT_CONVERSION = YES;
				CLANG_WARN_OBJC_ROOT_CLASS = YES_ERROR;
				CLANG_WARN_UNREACHABLE_CODE = YES;
				CLANG_WARN__DUPLICATE_METHOD_MATCH = YES;
				"CODE_SIGN_IDENTITY[sdk=iphoneos*]" = "iPhone Developer";
				COPY_PHASE_STRIP = NO;
				DEBUG_INFORMATION_FORMAT = dwarf;
				ENABLE_STRICT_OBJC_MSGSEND = YES;
				ENABLE_TESTABILITY = YES;
				GCC_C_LANGUAGE_STANDARD = gnu99;
				GCC_DYNAMIC_NO_PIC = NO;
				GCC_NO_COMMON_BLOCKS = YES;
				GCC_OPTIMIZATION_LEVEL = 0;
				GCC_PREPROCESSOR_DEFINITIONS = (
					"DEBUG=1",
					"$(inherited)",
				);
				GCC_WARN_64_TO_32_BIT_CONVERSION = YES;
				GCC_WARN_ABOUT_RETURN_TYPE = YES_ERROR;
				GCC_WARN_UNDECLARED_SELECTOR = YES;
				GCC_WARN_UNINITIALIZED_AUTOS = YES_AGGRESSIVE;
				GCC_WARN_UNUSED_FUNCTION = YES;
				GCC_WARN_UNUSED_VARIABLE = YES;
				IPHONEOS_DEPLOYMENT_TARGET = 9.3;
				MTL_ENABLE_DEBUG_INFO = YES;
				ONLY_ACTIVE_ARCH = YES;
				SDKROOT = iphoneos;
				SWIFT_OPTIMIZATION_LEVEL = "-Onone";
				TARGETED_DEVICE_FAMILY = "1,2";
			};
			name = Debug;
		};
		C675626B1D4E56ED008C0F1D /* Release */ = {
			isa = XCBuildConfiguration;
			buildSettings = {
				ALWAYS_SEARCH_USER_PATHS = NO;
				CLANG_ANALYZER_NONNULL = YES;
				CLANG_CXX_LANGUAGE_STANDARD = "gnu++0x";
				CLANG_CXX_LIBRARY = "libc++";
				CLANG_ENABLE_MODULES = YES;
				CLANG_ENABLE_OBJC_ARC = YES;
				CLANG_WARN_BOOL_CONVERSION = YES;
				CLANG_WARN_CONSTANT_CONVERSION = YES;
				CLANG_WARN_DIRECT_OBJC_ISA_USAGE = YES_ERROR;
				CLANG_WARN_EMPTY_BODY = YES;
				CLANG_WARN_ENUM_CONVERSION = YES;
				CLANG_WARN_INT_CONVERSION = YES;
				CLANG_WARN_OBJC_ROOT_CLASS = YES_ERROR;
				CLANG_WARN_UNREACHABLE_CODE = YES;
				CLANG_WARN__DUPLICATE_METHOD_MATCH = YES;
				"CODE_SIGN_IDENTITY[sdk=iphoneos*]" = "iPhone Developer";
				COPY_PHASE_STRIP = NO;
				DEBUG_INFORMATION_FORMAT = "dwarf-with-dsym";
				ENABLE_NS_ASSERTIONS = NO;
				ENABLE_STRICT_OBJC_MSGSEND = YES;
				GCC_C_LANGUAGE_STANDARD = gnu99;
				GCC_NO_COMMON_BLOCKS = YES;
				GCC_WARN_64_TO_32_BIT_CONVERSION = YES;
				GCC_WARN_ABOUT_RETURN_TYPE = YES_ERROR;
				GCC_WARN_UNDECLARED_SELECTOR = YES;
				GCC_WARN_UNINITIALIZED_AUTOS = YES_AGGRESSIVE;
				GCC_WARN_UNUSED_FUNCTION = YES;
				GCC_WARN_UNUSED_VARIABLE = YES;
				IPHONEOS_DEPLOYMENT_TARGET = 9.3;
				MTL_ENABLE_DEBUG_INFO = NO;
				SDKROOT = iphoneos;
				TARGETED_DEVICE_FAMILY = "1,2";
				VALIDATE_PRODUCT = YES;
			};
			name = Release;
		};
		C675626D1D4E56ED008C0F1D /* Debug */ = {
			isa = XCBuildConfiguration;
			buildSettings = {
				ASSETCATALOG_COMPILER_APPICON_NAME = AppIcon;
				INFOPLIST_FILE = Pokedex/Info.plist;
				LD_RUNPATH_SEARCH_PATHS = "$(inherited) @executable_path/Frameworks";
				PRODUCT_BUNDLE_IDENTIFIER = com.anthonyho.Pokedex;
				PRODUCT_NAME = "$(TARGET_NAME)";
			};
			name = Debug;
		};
		C675626E1D4E56ED008C0F1D /* Release */ = {
			isa = XCBuildConfiguration;
			buildSettings = {
				ASSETCATALOG_COMPILER_APPICON_NAME = AppIcon;
				INFOPLIST_FILE = Pokedex/Info.plist;
				LD_RUNPATH_SEARCH_PATHS = "$(inherited) @executable_path/Frameworks";
				PRODUCT_BUNDLE_IDENTIFIER = com.anthonyho.Pokedex;
				PRODUCT_NAME = "$(TARGET_NAME)";
			};
			name = Release;
		};
/* End XCBuildConfiguration section */

/* Begin XCConfigurationList section */
		C67562551D4E56ED008C0F1D /* Build configuration list for PBXProject "Pokedex" */ = {
			isa = XCConfigurationList;
			buildConfigurations = (
				C675626A1D4E56ED008C0F1D /* Debug */,
				C675626B1D4E56ED008C0F1D /* Release */,
			);
			defaultConfigurationIsVisible = 0;
			defaultConfigurationName = Release;
		};
		C675626C1D4E56ED008C0F1D /* Build configuration list for PBXNativeTarget "Pokedex" */ = {
			isa = XCConfigurationList;
			buildConfigurations = (
				C675626D1D4E56ED008C0F1D /* Debug */,
				C675626E1D4E56ED008C0F1D /* Release */,
			);
			defaultConfigurationIsVisible = 0;
		};
/* End XCConfigurationList section */
	};
	rootObject = C67562521D4E56ED008C0F1D /* Project object */;
}
